// !$*UTF8*$!
{
	archiveVersion = 1;
	classes = {
	};
	objectVersion = 48;
	objects = {

/* Begin PBXBuildFile section */
		2918CBB22002ADC70003A5AA /* AppDelegate.swift in Sources */ = {isa = PBXBuildFile; fileRef = 2918CBB12002ADC70003A5AA /* AppDelegate.swift */; };
		2918CBB72002ADC70003A5AA /* Main.storyboard in Resources */ = {isa = PBXBuildFile; fileRef = 2918CBB52002ADC70003A5AA /* Main.storyboard */; };
		2918CBBA2002ADC70003A5AA /* SmartShuffle.xcdatamodeld in Sources */ = {isa = PBXBuildFile; fileRef = 2918CBB82002ADC70003A5AA /* SmartShuffle.xcdatamodeld */; };
		2918CBBC2002ADC70003A5AA /* Assets.xcassets in Resources */ = {isa = PBXBuildFile; fileRef = 2918CBBB2002ADC70003A5AA /* Assets.xcassets */; };
		2918CBBF2002ADC70003A5AA /* LaunchScreen.storyboard in Resources */ = {isa = PBXBuildFile; fileRef = 2918CBBD2002ADC70003A5AA /* LaunchScreen.storyboard */; };
		2918CBCA2002ADC70003A5AA /* SmartShuffleTests.swift in Sources */ = {isa = PBXBuildFile; fileRef = 2918CBC92002ADC70003A5AA /* SmartShuffleTests.swift */; };
		293FCBDF2011586B00CE995C /* UIView+Extensions.swift in Sources */ = {isa = PBXBuildFile; fileRef = 293FCBDE2011586B00CE995C /* UIView+Extensions.swift */; };
		293FCBE02011586B00CE995C /* UIView+Extensions.swift in Sources */ = {isa = PBXBuildFile; fileRef = 293FCBDE2011586B00CE995C /* UIView+Extensions.swift */; };
		29864011201456F800D20EA9 /* MediaManager.swift in Sources */ = {isa = PBXBuildFile; fileRef = 29864010201456F800D20EA9 /* MediaManager.swift */; };
		29968657200E8BD70009461E /* GoogleService-Info.plist in Resources */ = {isa = PBXBuildFile; fileRef = 29968656200E8BD60009461E /* GoogleService-Info.plist */; };
		29EC9DD0200DECAE00AD9BEF /* MediaPlayerViewController.swift in Sources */ = {isa = PBXBuildFile; fileRef = 29EC9DCF200DECAE00AD9BEF /* MediaPlayerViewController.swift */; };
		29EC9DD1200DECAE00AD9BEF /* MediaPlayerViewController.swift in Sources */ = {isa = PBXBuildFile; fileRef = 29EC9DCF200DECAE00AD9BEF /* MediaPlayerViewController.swift */; };
		8910E92FABEC287AA5C87DEA /* Pods_SmartShuffleTests.framework in Frameworks */ = {isa = PBXBuildFile; fileRef = C48DD4360BC20033A9B3E7E6 /* Pods_SmartShuffleTests.framework */; };
		FF0BB33F51DCD68699449279 /* Pods_SmartShuffle.framework in Frameworks */ = {isa = PBXBuildFile; fileRef = 133CA3A98D315093764333FD /* Pods_SmartShuffle.framework */; };
/* End PBXBuildFile section */

/* Begin PBXContainerItemProxy section */
		2918CBC62002ADC70003A5AA /* PBXContainerItemProxy */ = {
			isa = PBXContainerItemProxy;
			containerPortal = 2918CBA62002ADC70003A5AA /* Project object */;
			proxyType = 1;
			remoteGlobalIDString = 2918CBAD2002ADC70003A5AA;
			remoteInfo = SmartShuffle;
		};
/* End PBXContainerItemProxy section */

/* Begin PBXFileReference section */
		133CA3A98D315093764333FD /* Pods_SmartShuffle.framework */ = {isa = PBXFileReference; explicitFileType = wrapper.framework; includeInIndex = 0; path = Pods_SmartShuffle.framework; sourceTree = BUILT_PRODUCTS_DIR; };
		2013E07999FEE091E90993D0 /* Pods-SmartShuffle.release.xcconfig */ = {isa = PBXFileReference; includeInIndex = 1; lastKnownFileType = text.xcconfig; name = "Pods-SmartShuffle.release.xcconfig"; path = "Pods/Target Support Files/Pods-SmartShuffle/Pods-SmartShuffle.release.xcconfig"; sourceTree = "<group>"; };
		2918CBAE2002ADC70003A5AA /* SmartShuffle.app */ = {isa = PBXFileReference; explicitFileType = wrapper.application; includeInIndex = 0; path = SmartShuffle.app; sourceTree = BUILT_PRODUCTS_DIR; };
		2918CBB12002ADC70003A5AA /* AppDelegate.swift */ = {isa = PBXFileReference; lastKnownFileType = sourcecode.swift; path = AppDelegate.swift; sourceTree = "<group>"; };
		2918CBB62002ADC70003A5AA /* Base */ = {isa = PBXFileReference; lastKnownFileType = file.storyboard; name = Base; path = Base.lproj/Main.storyboard; sourceTree = "<group>"; };
		2918CBB92002ADC70003A5AA /* SmartShuffle.xcdatamodel */ = {isa = PBXFileReference; lastKnownFileType = wrapper.xcdatamodel; path = SmartShuffle.xcdatamodel; sourceTree = "<group>"; };
		2918CBBB2002ADC70003A5AA /* Assets.xcassets */ = {isa = PBXFileReference; lastKnownFileType = folder.assetcatalog; path = Assets.xcassets; sourceTree = "<group>"; };
		2918CBBE2002ADC70003A5AA /* Base */ = {isa = PBXFileReference; lastKnownFileType = file.storyboard; name = Base; path = Base.lproj/LaunchScreen.storyboard; sourceTree = "<group>"; };
		2918CBC02002ADC70003A5AA /* Info.plist */ = {isa = PBXFileReference; lastKnownFileType = text.plist.xml; path = Info.plist; sourceTree = "<group>"; };
		2918CBC52002ADC70003A5AA /* SmartShuffleTests.xctest */ = {isa = PBXFileReference; explicitFileType = wrapper.cfbundle; includeInIndex = 0; path = SmartShuffleTests.xctest; sourceTree = BUILT_PRODUCTS_DIR; };
		2918CBC92002ADC70003A5AA /* SmartShuffleTests.swift */ = {isa = PBXFileReference; lastKnownFileType = sourcecode.swift; path = SmartShuffleTests.swift; sourceTree = "<group>"; };
		2918CBCB2002ADC70003A5AA /* Info.plist */ = {isa = PBXFileReference; lastKnownFileType = text.plist.xml; path = Info.plist; sourceTree = "<group>"; };
		293FCBDE2011586B00CE995C /* UIView+Extensions.swift */ = {isa = PBXFileReference; lastKnownFileType = sourcecode.swift; path = "UIView+Extensions.swift"; sourceTree = "<group>"; };
		298200BD201E9A3E006FBB6E /* es-419 */ = {isa = PBXFileReference; lastKnownFileType = text.plist.strings; name = "es-419"; path = "es-419.lproj/Main.strings"; sourceTree = "<group>"; };
		298200BE201E9A3E006FBB6E /* es-419 */ = {isa = PBXFileReference; lastKnownFileType = text.plist.strings; name = "es-419"; path = "es-419.lproj/LaunchScreen.strings"; sourceTree = "<group>"; };
		29864010201456F800D20EA9 /* MediaManager.swift */ = {isa = PBXFileReference; lastKnownFileType = sourcecode.swift; path = MediaManager.swift; sourceTree = "<group>"; };
		29968656200E8BD60009461E /* GoogleService-Info.plist */ = {isa = PBXFileReference; fileEncoding = 4; lastKnownFileType = text.plist.xml; path = "GoogleService-Info.plist"; sourceTree = "<group>"; };
		29EC9DCF200DECAE00AD9BEF /* MediaPlayerViewController.swift */ = {isa = PBXFileReference; lastKnownFileType = sourcecode.swift; path = MediaPlayerViewController.swift; sourceTree = "<group>"; };
		A48BB2EF0EA5495CA532CC92 /* Pods-SmartShuffleTests.debug.xcconfig */ = {isa = PBXFileReference; includeInIndex = 1; lastKnownFileType = text.xcconfig; name = "Pods-SmartShuffleTests.debug.xcconfig"; path = "Pods/Target Support Files/Pods-SmartShuffleTests/Pods-SmartShuffleTests.debug.xcconfig"; sourceTree = "<group>"; };
		A4BD37ACFB036DCA22981FE6 /* Pods-SmartShuffleTests.release.xcconfig */ = {isa = PBXFileReference; includeInIndex = 1; lastKnownFileType = text.xcconfig; name = "Pods-SmartShuffleTests.release.xcconfig"; path = "Pods/Target Support Files/Pods-SmartShuffleTests/Pods-SmartShuffleTests.release.xcconfig"; sourceTree = "<group>"; };
		B46A19CBF777C04E2817F16F /* Pods-SmartShuffle.debug.xcconfig */ = {isa = PBXFileReference; includeInIndex = 1; lastKnownFileType = text.xcconfig; name = "Pods-SmartShuffle.debug.xcconfig"; path = "Pods/Target Support Files/Pods-SmartShuffle/Pods-SmartShuffle.debug.xcconfig"; sourceTree = "<group>"; };
		C48DD4360BC20033A9B3E7E6 /* Pods_SmartShuffleTests.framework */ = {isa = PBXFileReference; explicitFileType = wrapper.framework; includeInIndex = 0; path = Pods_SmartShuffleTests.framework; sourceTree = BUILT_PRODUCTS_DIR; };
/* End PBXFileReference section */

/* Begin PBXFrameworksBuildPhase section */
		2918CBAB2002ADC70003A5AA /* Frameworks */ = {
			isa = PBXFrameworksBuildPhase;
			buildActionMask = 2147483647;
			files = (
				FF0BB33F51DCD68699449279 /* Pods_SmartShuffle.framework in Frameworks */,
			);
			runOnlyForDeploymentPostprocessing = 0;
		};
		2918CBC22002ADC70003A5AA /* Frameworks */ = {
			isa = PBXFrameworksBuildPhase;
			buildActionMask = 2147483647;
			files = (
				8910E92FABEC287AA5C87DEA /* Pods_SmartShuffleTests.framework in Frameworks */,
			);
			runOnlyForDeploymentPostprocessing = 0;
		};
/* End PBXFrameworksBuildPhase section */

/* Begin PBXGroup section */
		1D2265B300091AB0CFABC03E /* Pods */ = {
			isa = PBXGroup;
			children = (
				B46A19CBF777C04E2817F16F /* Pods-SmartShuffle.debug.xcconfig */,
				2013E07999FEE091E90993D0 /* Pods-SmartShuffle.release.xcconfig */,
				A48BB2EF0EA5495CA532CC92 /* Pods-SmartShuffleTests.debug.xcconfig */,
				A4BD37ACFB036DCA22981FE6 /* Pods-SmartShuffleTests.release.xcconfig */,
			);
			name = Pods;
			sourceTree = "<group>";
		};
		2918CBA52002ADC70003A5AA = {
			isa = PBXGroup;
			children = (
				2918CBB02002ADC70003A5AA /* SmartShuffle */,
				2918CBC82002ADC70003A5AA /* SmartShuffleTests */,
				2918CBAF2002ADC70003A5AA /* Products */,
				1D2265B300091AB0CFABC03E /* Pods */,
				827410C25076289B8402F57D /* Frameworks */,
			);
			sourceTree = "<group>";
		};
		2918CBAF2002ADC70003A5AA /* Products */ = {
			isa = PBXGroup;
			children = (
				2918CBAE2002ADC70003A5AA /* SmartShuffle.app */,
				2918CBC52002ADC70003A5AA /* SmartShuffleTests.xctest */,
			);
			name = Products;
			sourceTree = "<group>";
		};
		2918CBB02002ADC70003A5AA /* SmartShuffle */ = {
			isa = PBXGroup;
			children = (
				2918CBD72002B24C0003A5AA /* Model */,
				2918CBD62002B2490003A5AA /* View */,
				2918CBD52002B2470003A5AA /* Controller */,
				2918CBD42002B2450003A5AA /* SupportingFiles */,
				2918CBD82002B2620003A5AA /* Extensions */,
			);
			path = SmartShuffle;
			sourceTree = "<group>";
		};
		2918CBC82002ADC70003A5AA /* SmartShuffleTests */ = {
			isa = PBXGroup;
			children = (
				2918CBC92002ADC70003A5AA /* SmartShuffleTests.swift */,
				2918CBCB2002ADC70003A5AA /* Info.plist */,
			);
			path = SmartShuffleTests;
			sourceTree = "<group>";
		};
		2918CBD42002B2450003A5AA /* SupportingFiles */ = {
			isa = PBXGroup;
			children = (
				2918CBB12002ADC70003A5AA /* AppDelegate.swift */,
				2918CBBB2002ADC70003A5AA /* Assets.xcassets */,
				2918CBBD2002ADC70003A5AA /* LaunchScreen.storyboard */,
				2918CBC02002ADC70003A5AA /* Info.plist */,
				29968656200E8BD60009461E /* GoogleService-Info.plist */,
			);
			path = SupportingFiles;
			sourceTree = "<group>";
		};
		2918CBD52002B2470003A5AA /* Controller */ = {
			isa = PBXGroup;
			children = (
				29EC9DCF200DECAE00AD9BEF /* MediaPlayerViewController.swift */,
			);
			path = Controller;
			sourceTree = "<group>";
		};
		2918CBD62002B2490003A5AA /* View */ = {
			isa = PBXGroup;
			children = (
				2918CBB52002ADC70003A5AA /* Main.storyboard */,
			);
			path = View;
			sourceTree = "<group>";
		};
		2918CBD72002B24C0003A5AA /* Model */ = {
			isa = PBXGroup;
			children = (
				2918CBB82002ADC70003A5AA /* SmartShuffle.xcdatamodeld */,
				29864010201456F800D20EA9 /* MediaManager.swift */,
			);
			path = Model;
			sourceTree = "<group>";
		};
		2918CBD82002B2620003A5AA /* Extensions */ = {
			isa = PBXGroup;
			children = (
				293FCBDE2011586B00CE995C /* UIView+Extensions.swift */,
			);
			path = Extensions;
			sourceTree = "<group>";
		};
		827410C25076289B8402F57D /* Frameworks */ = {
			isa = PBXGroup;
			children = (
				133CA3A98D315093764333FD /* Pods_SmartShuffle.framework */,
				C48DD4360BC20033A9B3E7E6 /* Pods_SmartShuffleTests.framework */,
			);
			name = Frameworks;
			sourceTree = "<group>";
		};
/* End PBXGroup section */

/* Begin PBXNativeTarget section */
		2918CBAD2002ADC70003A5AA /* SmartShuffle */ = {
			isa = PBXNativeTarget;
			buildConfigurationList = 2918CBCE2002ADC70003A5AA /* Build configuration list for PBXNativeTarget "SmartShuffle" */;
			buildPhases = (
				13A3A0BB45BBBF246668BD6B /* [CP] Check Pods Manifest.lock */,
				2918CBAA2002ADC70003A5AA /* Sources */,
				2918CBAB2002ADC70003A5AA /* Frameworks */,
				2918CBAC2002ADC70003A5AA /* Resources */,
				8FB2C8D6AFDEA0C64F1989A8 /* [CP] Embed Pods Frameworks */,
				EF081252B9ADBEC8D93B22D1 /* [CP] Copy Pods Resources */,
				294ECB5B20182B7700FCEA71 /* ShellScript */,
			);
			buildRules = (
			);
			dependencies = (
			);
			name = SmartShuffle;
			productName = SmartShuffle;
			productReference = 2918CBAE2002ADC70003A5AA /* SmartShuffle.app */;
			productType = "com.apple.product-type.application";
		};
		2918CBC42002ADC70003A5AA /* SmartShuffleTests */ = {
			isa = PBXNativeTarget;
			buildConfigurationList = 2918CBD12002ADC70003A5AA /* Build configuration list for PBXNativeTarget "SmartShuffleTests" */;
			buildPhases = (
				83F0CE0611B3DF23751B746B /* [CP] Check Pods Manifest.lock */,
				2918CBC12002ADC70003A5AA /* Sources */,
				2918CBC22002ADC70003A5AA /* Frameworks */,
				2918CBC32002ADC70003A5AA /* Resources */,
				AB6179B94F5C294EA8E09131 /* [CP] Embed Pods Frameworks */,
				185AE5FBC918B9087875D74B /* [CP] Copy Pods Resources */,
			);
			buildRules = (
			);
			dependencies = (
				2918CBC72002ADC70003A5AA /* PBXTargetDependency */,
			);
			name = SmartShuffleTests;
			productName = SmartShuffleTests;
			productReference = 2918CBC52002ADC70003A5AA /* SmartShuffleTests.xctest */;
			productType = "com.apple.product-type.bundle.unit-test";
		};
/* End PBXNativeTarget section */

/* Begin PBXProject section */
		2918CBA62002ADC70003A5AA /* Project object */ = {
			isa = PBXProject;
			attributes = {
				LastSwiftUpdateCheck = 0920;
				LastUpgradeCheck = 0920;
				ORGANIZATIONNAME = "Matthew Howes Singleton";
				TargetAttributes = {
					2918CBAD2002ADC70003A5AA = {
						CreatedOnToolsVersion = 9.2;
						ProvisioningStyle = Automatic;
						SystemCapabilities = {
							com.apple.BackgroundModes = {
								enabled = 1;
							};
						};
					};
					2918CBC42002ADC70003A5AA = {
						CreatedOnToolsVersion = 9.2;
						ProvisioningStyle = Automatic;
						TestTargetID = 2918CBAD2002ADC70003A5AA;
					};
				};
			};
			buildConfigurationList = 2918CBA92002ADC70003A5AA /* Build configuration list for PBXProject "SmartShuffle" */;
			compatibilityVersion = "Xcode 8.0";
			developmentRegion = en;
			hasScannedForEncodings = 0;
			knownRegions = (
				en,
				Base,
			);
			mainGroup = 2918CBA52002ADC70003A5AA;
			productRefGroup = 2918CBAF2002ADC70003A5AA /* Products */;
			projectDirPath = "";
			projectRoot = "";
			targets = (
				2918CBAD2002ADC70003A5AA /* SmartShuffle */,
				2918CBC42002ADC70003A5AA /* SmartShuffleTests */,
			);
		};
/* End PBXProject section */

/* Begin PBXResourcesBuildPhase section */
		2918CBAC2002ADC70003A5AA /* Resources */ = {
			isa = PBXResourcesBuildPhase;
			buildActionMask = 2147483647;
			files = (
				2918CBBF2002ADC70003A5AA /* LaunchScreen.storyboard in Resources */,
				29968657200E8BD70009461E /* GoogleService-Info.plist in Resources */,
				2918CBBC2002ADC70003A5AA /* Assets.xcassets in Resources */,
				2918CBB72002ADC70003A5AA /* Main.storyboard in Resources */,
			);
			runOnlyForDeploymentPostprocessing = 0;
		};
		2918CBC32002ADC70003A5AA /* Resources */ = {
			isa = PBXResourcesBuildPhase;
			buildActionMask = 2147483647;
			files = (
			);
			runOnlyForDeploymentPostprocessing = 0;
		};
/* End PBXResourcesBuildPhase section */

/* Begin PBXShellScriptBuildPhase section */
		13A3A0BB45BBBF246668BD6B /* [CP] Check Pods Manifest.lock */ = {
			isa = PBXShellScriptBuildPhase;
			buildActionMask = 2147483647;
			files = (
			);
			inputPaths = (
				"${PODS_PODFILE_DIR_PATH}/Podfile.lock",
				"${PODS_ROOT}/Manifest.lock",
			);
			name = "[CP] Check Pods Manifest.lock";
			outputPaths = (
				"$(DERIVED_FILE_DIR)/Pods-SmartShuffle-checkManifestLockResult.txt",
			);
			runOnlyForDeploymentPostprocessing = 0;
			shellPath = /bin/sh;
			shellScript = "diff \"${PODS_PODFILE_DIR_PATH}/Podfile.lock\" \"${PODS_ROOT}/Manifest.lock\" > /dev/null\nif [ $? != 0 ] ; then\n    # print error to STDERR\n    echo \"error: The sandbox is not in sync with the Podfile.lock. Run 'pod install' or update your CocoaPods installation.\" >&2\n    exit 1\nfi\n# This output is used by Xcode 'outputs' to avoid re-running this script phase.\necho \"SUCCESS\" > \"${SCRIPT_OUTPUT_FILE_0}\"\n";
			showEnvVarsInLog = 0;
		};
		185AE5FBC918B9087875D74B /* [CP] Copy Pods Resources */ = {
			isa = PBXShellScriptBuildPhase;
			buildActionMask = 2147483647;
			files = (
			);
			inputPaths = (
			);
			name = "[CP] Copy Pods Resources";
			outputPaths = (
			);
			runOnlyForDeploymentPostprocessing = 0;
			shellPath = /bin/sh;
			shellScript = "\"${SRCROOT}/Pods/Target Support Files/Pods-SmartShuffleTests/Pods-SmartShuffleTests-resources.sh\"\n";
			showEnvVarsInLog = 0;
		};
		294ECB5B20182B7700FCEA71 /* ShellScript */ = {
			isa = PBXShellScriptBuildPhase;
			buildActionMask = 2147483647;
			files = (
			);
			inputPaths = (
			);
			outputPaths = (
			);
			runOnlyForDeploymentPostprocessing = 0;
			shellPath = /bin/sh;
			shellScript = "./Fabric.framework/run 3605c744e15ddf7d8ef099f0020dfcdd2e2abd5c 7bf7613729d303dcf6eda216f60fde4100191c032181ca9d63ffb7b2533bc45a";
		};
		83F0CE0611B3DF23751B746B /* [CP] Check Pods Manifest.lock */ = {
			isa = PBXShellScriptBuildPhase;
			buildActionMask = 2147483647;
			files = (
			);
			inputPaths = (
				"${PODS_PODFILE_DIR_PATH}/Podfile.lock",
				"${PODS_ROOT}/Manifest.lock",
			);
			name = "[CP] Check Pods Manifest.lock";
			outputPaths = (
				"$(DERIVED_FILE_DIR)/Pods-SmartShuffleTests-checkManifestLockResult.txt",
			);
			runOnlyForDeploymentPostprocessing = 0;
			shellPath = /bin/sh;
			shellScript = "diff \"${PODS_PODFILE_DIR_PATH}/Podfile.lock\" \"${PODS_ROOT}/Manifest.lock\" > /dev/null\nif [ $? != 0 ] ; then\n    # print error to STDERR\n    echo \"error: The sandbox is not in sync with the Podfile.lock. Run 'pod install' or update your CocoaPods installation.\" >&2\n    exit 1\nfi\n# This output is used by Xcode 'outputs' to avoid re-running this script phase.\necho \"SUCCESS\" > \"${SCRIPT_OUTPUT_FILE_0}\"\n";
			showEnvVarsInLog = 0;
		};
		8FB2C8D6AFDEA0C64F1989A8 /* [CP] Embed Pods Frameworks */ = {
			isa = PBXShellScriptBuildPhase;
			buildActionMask = 2147483647;
			files = (
			);
			inputPaths = (
				"${SRCROOT}/Pods/Target Support Files/Pods-SmartShuffle/Pods-SmartShuffle-frameworks.sh",
				"${BUILT_PRODUCTS_DIR}/GTMSessionFetcher/GTMSessionFetcher.framework",
				"${BUILT_PRODUCTS_DIR}/GoogleToolboxForMac/GoogleToolboxForMac.framework",
				"${BUILT_PRODUCTS_DIR}/MBProgressHUD/MBProgressHUD.framework",
				"${BUILT_PRODUCTS_DIR}/Protobuf/Protobuf.framework",
				"${BUILT_PRODUCTS_DIR}/nanopb/nanopb.framework",
			);
			name = "[CP] Embed Pods Frameworks";
			outputPaths = (
				"${TARGET_BUILD_DIR}/${FRAMEWORKS_FOLDER_PATH}/GTMSessionFetcher.framework",
				"${TARGET_BUILD_DIR}/${FRAMEWORKS_FOLDER_PATH}/GoogleToolboxForMac.framework",
				"${TARGET_BUILD_DIR}/${FRAMEWORKS_FOLDER_PATH}/MBProgressHUD.framework",
				"${TARGET_BUILD_DIR}/${FRAMEWORKS_FOLDER_PATH}/Protobuf.framework",
				"${TARGET_BUILD_DIR}/${FRAMEWORKS_FOLDER_PATH}/nanopb.framework",
			);
			runOnlyForDeploymentPostprocessing = 0;
			shellPath = /bin/sh;
			shellScript = "\"${SRCROOT}/Pods/Target Support Files/Pods-SmartShuffle/Pods-SmartShuffle-frameworks.sh\"\n";
			showEnvVarsInLog = 0;
		};
		AB6179B94F5C294EA8E09131 /* [CP] Embed Pods Frameworks */ = {
			isa = PBXShellScriptBuildPhase;
			buildActionMask = 2147483647;
			files = (
			);
			inputPaths = (
			);
			name = "[CP] Embed Pods Frameworks";
			outputPaths = (
			);
			runOnlyForDeploymentPostprocessing = 0;
			shellPath = /bin/sh;
			shellScript = "\"${SRCROOT}/Pods/Target Support Files/Pods-SmartShuffleTests/Pods-SmartShuffleTests-frameworks.sh\"\n";
			showEnvVarsInLog = 0;
		};
		EF081252B9ADBEC8D93B22D1 /* [CP] Copy Pods Resources */ = {
			isa = PBXShellScriptBuildPhase;
			buildActionMask = 2147483647;
			files = (
			);
			inputPaths = (
			);
			name = "[CP] Copy Pods Resources";
			outputPaths = (
			);
			runOnlyForDeploymentPostprocessing = 0;
			shellPath = /bin/sh;
			shellScript = "\"${SRCROOT}/Pods/Target Support Files/Pods-SmartShuffle/Pods-SmartShuffle-resources.sh\"\n";
			showEnvVarsInLog = 0;
		};
/* End PBXShellScriptBuildPhase section */

/* Begin PBXSourcesBuildPhase section */
		2918CBAA2002ADC70003A5AA /* Sources */ = {
			isa = PBXSourcesBuildPhase;
			buildActionMask = 2147483647;
			files = (
				2918CBB22002ADC70003A5AA /* AppDelegate.swift in Sources */,
				29EC9DD0200DECAE00AD9BEF /* MediaPlayerViewController.swift in Sources */,
				293FCBDF2011586B00CE995C /* UIView+Extensions.swift in Sources */,
				2918CBBA2002ADC70003A5AA /* SmartShuffle.xcdatamodeld in Sources */,
				29864011201456F800D20EA9 /* MediaManager.swift in Sources */,
			);
			runOnlyForDeploymentPostprocessing = 0;
		};
		2918CBC12002ADC70003A5AA /* Sources */ = {
			isa = PBXSourcesBuildPhase;
			buildActionMask = 2147483647;
			files = (
				293FCBE02011586B00CE995C /* UIView+Extensions.swift in Sources */,
				29EC9DD1200DECAE00AD9BEF /* MediaPlayerViewController.swift in Sources */,
				2918CBCA2002ADC70003A5AA /* SmartShuffleTests.swift in Sources */,
			);
			runOnlyForDeploymentPostprocessing = 0;
		};
/* End PBXSourcesBuildPhase section */

/* Begin PBXTargetDependency section */
		2918CBC72002ADC70003A5AA /* PBXTargetDependency */ = {
			isa = PBXTargetDependency;
			target = 2918CBAD2002ADC70003A5AA /* SmartShuffle */;
			targetProxy = 2918CBC62002ADC70003A5AA /* PBXContainerItemProxy */;
		};
/* End PBXTargetDependency section */

/* Begin PBXVariantGroup section */
		2918CBB52002ADC70003A5AA /* Main.storyboard */ = {
			isa = PBXVariantGroup;
			children = (
				2918CBB62002ADC70003A5AA /* Base */,
				298200BD201E9A3E006FBB6E /* es-419 */,
			);
			name = Main.storyboard;
			sourceTree = "<group>";
		};
		2918CBBD2002ADC70003A5AA /* LaunchScreen.storyboard */ = {
			isa = PBXVariantGroup;
			children = (
				2918CBBE2002ADC70003A5AA /* Base */,
				298200BE201E9A3E006FBB6E /* es-419 */,
			);
			name = LaunchScreen.storyboard;
			sourceTree = "<group>";
		};
/* End PBXVariantGroup section */

/* Begin XCBuildConfiguration section */
		2918CBCC2002ADC70003A5AA /* Debug */ = {
			isa = XCBuildConfiguration;
			buildSettings = {
				ALWAYS_SEARCH_USER_PATHS = NO;
				CLANG_ANALYZER_LOCALIZABILITY_NONLOCALIZED = YES;
				CLANG_ANALYZER_NONNULL = YES;
				CLANG_ANALYZER_NUMBER_OBJECT_CONVERSION = YES_AGGRESSIVE;
				CLANG_CXX_LANGUAGE_STANDARD = "gnu++14";
				CLANG_CXX_LIBRARY = "libc++";
				CLANG_ENABLE_MODULES = YES;
				CLANG_ENABLE_OBJC_ARC = YES;
				CLANG_WARN_BLOCK_CAPTURE_AUTORELEASING = YES;
				CLANG_WARN_BOOL_CONVERSION = YES;
				CLANG_WARN_COMMA = YES;
				CLANG_WARN_CONSTANT_CONVERSION = YES;
				CLANG_WARN_DIRECT_OBJC_ISA_USAGE = YES_ERROR;
				CLANG_WARN_DOCUMENTATION_COMMENTS = YES;
				CLANG_WARN_EMPTY_BODY = YES;
				CLANG_WARN_ENUM_CONVERSION = YES;
				CLANG_WARN_INFINITE_RECURSION = YES;
				CLANG_WARN_INT_CONVERSION = YES;
				CLANG_WARN_NON_LITERAL_NULL_CONVERSION = YES;
				CLANG_WARN_OBJC_LITERAL_CONVERSION = YES;
				CLANG_WARN_OBJC_ROOT_CLASS = YES_ERROR;
				CLANG_WARN_RANGE_LOOP_ANALYSIS = YES;
				CLANG_WARN_STRICT_PROTOTYPES = YES;
				CLANG_WARN_SUSPICIOUS_MOVE = YES;
				CLANG_WARN_UNGUARDED_AVAILABILITY = YES_AGGRESSIVE;
				CLANG_WARN_UNREACHABLE_CODE = YES;
				CLANG_WARN__DUPLICATE_METHOD_MATCH = YES;
				CODE_SIGN_IDENTITY = "iPhone Developer";
				COPY_PHASE_STRIP = NO;
				DEBUG_INFORMATION_FORMAT = dwarf;
				ENABLE_STRICT_OBJC_MSGSEND = YES;
				ENABLE_TESTABILITY = YES;
				GCC_C_LANGUAGE_STANDARD = gnu11;
				GCC_DYNAMIC_NO_PIC = NO;
				GCC_NO_COMMON_BLOCKS = YES;
				GCC_OPTIMIZATION_LEVEL = 0;
				GCC_PREPROCESSOR_DEFINITIONS = (
					"DEBUG=1",
					"$(inherited)",
				);
				GCC_WARN_64_TO_32_BIT_CONVERSION = YES;
				GCC_WARN_ABOUT_RETURN_TYPE = YES_ERROR;
				GCC_WARN_UNDECLARED_SELECTOR = YES;
				GCC_WARN_UNINITIALIZED_AUTOS = YES_AGGRESSIVE;
				GCC_WARN_UNUSED_FUNCTION = YES;
				GCC_WARN_UNUSED_VARIABLE = YES;
				IPHONEOS_DEPLOYMENT_TARGET = 11.2;
				MTL_ENABLE_DEBUG_INFO = YES;
				ONLY_ACTIVE_ARCH = YES;
				SDKROOT = iphoneos;
				SWIFT_ACTIVE_COMPILATION_CONDITIONS = DEBUG;
				SWIFT_OPTIMIZATION_LEVEL = "-Onone";
			};
			name = Debug;
		};
		2918CBCD2002ADC70003A5AA /* Release */ = {
			isa = XCBuildConfiguration;
			buildSettings = {
				ALWAYS_SEARCH_USER_PATHS = NO;
				CLANG_ANALYZER_LOCALIZABILITY_NONLOCALIZED = YES;
				CLANG_ANALYZER_NONNULL = YES;
				CLANG_ANALYZER_NUMBER_OBJECT_CONVERSION = YES_AGGRESSIVE;
				CLANG_CXX_LANGUAGE_STANDARD = "gnu++14";
				CLANG_CXX_LIBRARY = "libc++";
				CLANG_ENABLE_MODULES = YES;
				CLANG_ENABLE_OBJC_ARC = YES;
				CLANG_WARN_BLOCK_CAPTURE_AUTORELEASING = YES;
				CLANG_WARN_BOOL_CONVERSION = YES;
				CLANG_WARN_COMMA = YES;
				CLANG_WARN_CONSTANT_CONVERSION = YES;
				CLANG_WARN_DIRECT_OBJC_ISA_USAGE = YES_ERROR;
				CLANG_WARN_DOCUMENTATION_COMMENTS = YES;
				CLANG_WARN_EMPTY_BODY = YES;
				CLANG_WARN_ENUM_CONVERSION = YES;
				CLANG_WARN_INFINITE_RECURSION = YES;
				CLANG_WARN_INT_CONVERSION = YES;
				CLANG_WARN_NON_LITERAL_NULL_CONVERSION = YES;
				CLANG_WARN_OBJC_LITERAL_CONVERSION = YES;
				CLANG_WARN_OBJC_ROOT_CLASS = YES_ERROR;
				CLANG_WARN_RANGE_LOOP_ANALYSIS = YES;
				CLANG_WARN_STRICT_PROTOTYPES = YES;
				CLANG_WARN_SUSPICIOUS_MOVE = YES;
				CLANG_WARN_UNGUARDED_AVAILABILITY = YES_AGGRESSIVE;
				CLANG_WARN_UNREACHABLE_CODE = YES;
				CLANG_WARN__DUPLICATE_METHOD_MATCH = YES;
				CODE_SIGN_IDENTITY = "iPhone Developer";
				COPY_PHASE_STRIP = NO;
				DEBUG_INFORMATION_FORMAT = "dwarf-with-dsym";
				ENABLE_NS_ASSERTIONS = NO;
				ENABLE_STRICT_OBJC_MSGSEND = YES;
				GCC_C_LANGUAGE_STANDARD = gnu11;
				GCC_NO_COMMON_BLOCKS = YES;
				GCC_WARN_64_TO_32_BIT_CONVERSION = YES;
				GCC_WARN_ABOUT_RETURN_TYPE = YES_ERROR;
				GCC_WARN_UNDECLARED_SELECTOR = YES;
				GCC_WARN_UNINITIALIZED_AUTOS = YES_AGGRESSIVE;
				GCC_WARN_UNUSED_FUNCTION = YES;
				GCC_WARN_UNUSED_VARIABLE = YES;
				IPHONEOS_DEPLOYMENT_TARGET = 11.2;
				MTL_ENABLE_DEBUG_INFO = NO;
				SDKROOT = iphoneos;
				SWIFT_OPTIMIZATION_LEVEL = "-Owholemodule";
				VALIDATE_PRODUCT = YES;
			};
			name = Release;
		};
		2918CBCF2002ADC70003A5AA /* Debug */ = {
			isa = XCBuildConfiguration;
			baseConfigurationReference = B46A19CBF777C04E2817F16F /* Pods-SmartShuffle.debug.xcconfig */;
			buildSettings = {
				ASSETCATALOG_COMPILER_APPICON_NAME = AppIcon;
				CODE_SIGN_STYLE = Automatic;
				DEBUG_INFORMATION_FORMAT = "dwarf-with-dsym";
				DEVELOPMENT_TEAM = K8YZSQZRNW;
				INFOPLIST_FILE = "$(SRCROOT)/SmartShuffle/SupportingFiles/Info.plist";
				IPHONEOS_DEPLOYMENT_TARGET = 10.3;
				LD_RUNPATH_SEARCH_PATHS = "$(inherited) @executable_path/Frameworks";
				PRODUCT_BUNDLE_IDENTIFIER = com.matthewhsingleton.SmartShuffle;
				PRODUCT_NAME = "$(TARGET_NAME)";
				SWIFT_VERSION = 4.0;
				TARGETED_DEVICE_FAMILY = "1,2";
			};
			name = Debug;
		};
		2918CBD02002ADC70003A5AA /* Release */ = {
			isa = XCBuildConfiguration;
			baseConfigurationReference = 2013E07999FEE091E90993D0 /* Pods-SmartShuffle.release.xcconfig */;
			buildSettings = {
				ASSETCATALOG_COMPILER_APPICON_NAME = AppIcon;
				CODE_SIGN_STYLE = Automatic;
				DEVELOPMENT_TEAM = K8YZSQZRNW;
				INFOPLIST_FILE = "$(SRCROOT)/SmartShuffle/SupportingFiles/Info.plist";
				IPHONEOS_DEPLOYMENT_TARGET = 10.3;
				LD_RUNPATH_SEARCH_PATHS = "$(inherited) @executable_path/Frameworks";
				PRODUCT_BUNDLE_IDENTIFIER = com.matthewhsingleton.SmartShuffle;
				PRODUCT_NAME = "$(TARGET_NAME)";
				SWIFT_VERSION = 4.0;
				TARGETED_DEVICE_FAMILY = "1,2";
			};
			name = Release;
		};
		2918CBD22002ADC70003A5AA /* Debug */ = {
			isa = XCBuildConfiguration;
			baseConfigurationReference = A48BB2EF0EA5495CA532CC92 /* Pods-SmartShuffleTests.debug.xcconfig */;
			buildSettings = {
				ALWAYS_EMBED_SWIFT_STANDARD_LIBRARIES = YES;
				BUNDLE_LOADER = "$(TEST_HOST)";
				CODE_SIGN_STYLE = Automatic;
				DEVELOPMENT_TEAM = K8YZSQZRNW;
				INFOPLIST_FILE = SmartShuffleTests/Info.plist;
				LD_RUNPATH_SEARCH_PATHS = "$(inherited) @executable_path/Frameworks @loader_path/Frameworks";
				PRODUCT_BUNDLE_IDENTIFIER = com.matthewhsingleton.SmartShuffleTests;
				PRODUCT_NAME = "$(TARGET_NAME)";
				SWIFT_VERSION = 4.0;
				TARGETED_DEVICE_FAMILY = "1,2";
				TEST_HOST = "$(BUILT_PRODUCTS_DIR)/SmartShuffle.app/SmartShuffle";
			};
			name = Debug;
		};
		2918CBD32002ADC70003A5AA /* Release */ = {
			isa = XCBuildConfiguration;
			baseConfigurationReference = A4BD37ACFB036DCA22981FE6 /* Pods-SmartShuffleTests.release.xcconfig */;
			buildSettings = {
				ALWAYS_EMBED_SWIFT_STANDARD_LIBRARIES = YES;
				BUNDLE_LOADER = "$(TEST_HOST)";
				CODE_SIGN_STYLE = Automatic;
				DEVELOPMENT_TEAM = K8YZSQZRNW;
				INFOPLIST_FILE = SmartShuffleTests/Info.plist;
				LD_RUNPATH_SEARCH_PATHS = "$(inherited) @executable_path/Frameworks @loader_path/Frameworks";
				PRODUCT_BUNDLE_IDENTIFIER = com.matthewhsingleton.SmartShuffleTests;
				PRODUCT_NAME = "$(TARGET_NAME)";
				SWIFT_VERSION = 4.0;
				TARGETED_DEVICE_FAMILY = "1,2";
				TEST_HOST = "$(BUILT_PRODUCTS_DIR)/SmartShuffle.app/SmartShuffle";
			};
			name = Release;
		};
/* End XCBuildConfiguration section */

/* Begin XCConfigurationList section */
		2918CBA92002ADC70003A5AA /* Build configuration list for PBXProject "SmartShuffle" */ = {
			isa = XCConfigurationList;
			buildConfigurations = (
				2918CBCC2002ADC70003A5AA /* Debug */,
				2918CBCD2002ADC70003A5AA /* Release */,
			);
			defaultConfigurationIsVisible = 0;
			defaultConfigurationName = Release;
		};
		2918CBCE2002ADC70003A5AA /* Build configuration list for PBXNativeTarget "SmartShuffle" */ = {
			isa = XCConfigurationList;
			buildConfigurations = (
				2918CBCF2002ADC70003A5AA /* Debug */,
				2918CBD02002ADC70003A5AA /* Release */,
			);
			defaultConfigurationIsVisible = 0;
			defaultConfigurationName = Release;
		};
		2918CBD12002ADC70003A5AA /* Build configuration list for PBXNativeTarget "SmartShuffleTests" */ = {
			isa = XCConfigurationList;
			buildConfigurations = (
				2918CBD22002ADC70003A5AA /* Debug */,
				2918CBD32002ADC70003A5AA /* Release */,
			);
			defaultConfigurationIsVisible = 0;
			defaultConfigurationName = Release;
		};
/* End XCConfigurationList section */

/* Begin XCVersionGroup section */
		2918CBB82002ADC70003A5AA /* SmartShuffle.xcdatamodeld */ = {
			isa = XCVersionGroup;
			children = (
				2918CBB92002ADC70003A5AA /* SmartShuffle.xcdatamodel */,
			);
			currentVersion = 2918CBB92002ADC70003A5AA /* SmartShuffle.xcdatamodel */;
			path = SmartShuffle.xcdatamodeld;
			sourceTree = "<group>";
			versionGroupType = wrapper.xcdatamodel;
		};
/* End XCVersionGroup section */
	};
	rootObject = 2918CBA62002ADC70003A5AA /* Project object */;
}
